
Microsoft Visual Studio Solution File, Format Version 12.00
# Visual Studio Version 16
VisualStudioVersion = 16.0.31424.327
MinimumVisualStudioVersion = 10.0.40219.1
Project("{FAE04EC0-301F-11D3-BF4B-00C04F79EFBC}") = "jogoMemoria", "jogoMemoria\jogoMemoria.csproj", "{02F1E16D-AFD8-40C6-8F72-504BCFDAF4DC}"
EndProject
Global
	GlobalSection(SolutionConfigurationPlatforms) = preSolution
		Debug|Any CPU = Debug|Any CPU
		Release|Any CPU = Release|Any CPU
	EndGlobalSection
	GlobalSection(ProjectConfigurationPlatforms) = postSolution
		{02F1E16D-AFD8-40C6-8F72-504BCFDAF4DC}.Debug|Any CPU.ActiveCfg = Debug|Any CPU
		{02F1E16D-AFD8-40C6-8F72-504BCFDAF4DC}.Debug|Any CPU.Build.0 = Debug|Any CPU
		{02F1E16D-AFD8-40C6-8F72-504BCFDAF4DC}.Release|Any CPU.ActiveCfg = Release|Any CPU
		{02F1E16D-AFD8-40C6-8F72-504BCFDAF4DC}.Release|Any CPU.Build.0 = Release|Any CPU
	EndGlobalSection
	GlobalSection(SolutionProperties) = preSolution
		HideSolutionNode = FALSE
	EndGlobalSection
	GlobalSection(ExtensibilityGlobals) = postSolution
		SolutionGuid = {F9513F33-8953-4E9C-8A27-F96C422E542F}
	EndGlobalSection
EndGlobal
